{
  "name": "@johnkegd/separator",
  "version": "1.0.1",
  "lockfileVersion": 1,
  "requires": true,
  "dependencies": {
    "@johnkegd/common": {
      "version": "1.0.3",
      "dev": true,
      "dependencies": {
        "svelte": {
          "version": "3.43.1",
          "resolved": "https://registry.npmjs.org/svelte/-/svelte-3.43.1.tgz",
          "integrity": "sha512-nvPIaKx4HLzYlSdquISZpgG1Kqr2VAWQjZOt3Iwm3UhbqmA0LnSx4k1YpRMEhjQYW3ZCqQoK8Egto9tv4YewMA=="
        }
      }
    }
  }
}
