{
  "name": "@johnkegd/common",
  "version": "1.0.3",
  "lockfileVersion": 1,
  "requires": true,
  "dependencies": {
    "svelte": {
      "version": "3.43.1",
      "resolved": "https://registry.npmjs.org/svelte/-/svelte-3.43.1.tgz",
      "integrity": "sha512-nvPIaKx4HLzYlSdquISZpgG1Kqr2VAWQjZOt3Iwm3UhbqmA0LnSx4k1YpRMEhjQYW3ZCqQoK8Egto9tv4YewMA==",
      "dev": true
    }
  }
}
